{
  "originHash" : "ba26264ff733afc14574755163bfe931c0295e83f05716ad7d76b0aed92b59ef",
  "pins" : [
    {
      "identity" : "limn",
      "kind" : "remoteSourceControl",
      "location" : "https://github.com/diogopribeiro/Limn.git",
      "state" : {
        "revision" : "b998ebc7cb997188a7ac7afb12a756a9006dc490",
        "version" : "0.9.3"
      }
    },
    {
      "identity" : "runtime",
      "kind" : "remoteSourceControl",
      "location" : "https://github.com/urlaunched-com/Runtime",
      "state" : {
        "revision" : "ea112a73f7a8772a92b125ceeaaf61f1844466bd",
        "version" : "2.2.6"
      }
    },
    {
      "identity" : "swift-collections",
      "kind" : "remoteSourceControl",
      "location" : "https://github.com/apple/swift-collections",
      "state" : {
        "revision" : "6675bc0ff86e61436e615df6fc5174e043e57924",
        "version" : "1.4.1"
      }
    }
  ],
  "version" : 3
}
